
Microsoft Visual Studio Solution File, Format Version 12.00
# Visual Studio Version 17
VisualStudioVersion = 17.9.34728.123
MinimumVisualStudioVersion = 10.0.40219.1
Project("{FAE04EC0-301F-11D3-BF4B-00C04F79EFBC}") = "Test", "Test\Test.csproj", "{952B018C-7D32-430F-8607-4FB4183CF2ED}"
EndProject
Global
	GlobalSection(SolutionConfigurationPlatforms) = preSolution
		Debug|Any CPU = Debug|Any CPU
		Release|Any CPU = Release|Any CPU
	EndGlobalSection
	GlobalSection(ProjectConfigurationPlatforms) = postSolution
		{952B018C-7D32-430F-8607-4FB4183CF2ED}.Debug|Any CPU.ActiveCfg = Debug|Any CPU
		{952B018C-7D32-430F-8607-4FB4183CF2ED}.Debug|Any CPU.Build.0 = Debug|Any CPU
		{952B018C-7D32-430F-8607-4FB4183CF2ED}.Release|Any CPU.ActiveCfg = Release|Any CPU
		{952B018C-7D32-430F-8607-4FB4183CF2ED}.Release|Any CPU.Build.0 = Release|Any CPU
	EndGlobalSection
	GlobalSection(SolutionProperties) = preSolution
		HideSolutionNode = FALSE
	EndGlobalSection
	GlobalSection(ExtensibilityGlobals) = postSolution
		SolutionGuid = {4A2CC42F-9175-489B-A921-0F198D8D29E6}
	EndGlobalSection
EndGlobal
